{
  "name": "openseadragon-deckgl-overlay",
  "version": "0.0.1",
  "lockfileVersion": 2,
  "requires": true,
  "packages": {
    "": {
      "name": "openseadragon-deckgl-overlay",
      "version": "0.0.1",
      "license": "BSD-3-Clause",
      "dependencies": {
        "@deck.gl/core": "^8.8.6",
        "@deck.gl/layers": "^8.8.6",
        "openseadragon": "^3.1.0"
      },
      "devDependencies": {
        "@types/openseadragon": "^3.0.3"
      }
    },
    "node_modules/@babel/runtime": {
      "version": "7.18.9",
      "license": "MIT",
      "dependencies": {
        "regenerator-runtime": "^0.13.4"
      },
      "engines": {
        "node": ">=6.9.0"
      }
    },
    "node_modules/@deck.gl/core": {
      "version": "8.8.6",
      "license": "MIT",
      "dependencies": {
        "@loaders.gl/core": "^3.2.5",
        "@loaders.gl/images": "^3.2.5",
        "@luma.gl/constants": "^8.5.16",
        "@luma.gl/core": "^8.5.16",
        "@math.gl/core": "^3.6.2",
        "@math.gl/sun": "^3.6.2",
        "@math.gl/web-mercator": "^3.6.2",
        "@probe.gl/env": "^3.5.0",
        "@probe.gl/log": "^3.5.0",
        "@probe.gl/stats": "^3.5.0",
        "gl-matrix": "^3.0.0",
        "math.gl": "^3.6.2",
        "mjolnir.js": "^2.7.0"
      }
    },
    "node_modules/@deck.gl/layers": {
      "version": "8.8.6",
      "license": "MIT",
      "dependencies": {
        "@loaders.gl/images": "^3.2.5",
        "@loaders.gl/schema": "^3.2.5",
        "@luma.gl/constants": "^8.5.16",
        "@mapbox/tiny-sdf": "^1.1.0",
        "@math.gl/core": "^3.6.2",
        "@math.gl/polygon": "^3.6.2",
        "@math.gl/web-mercator": "^3.6.2",
        "earcut": "^2.0.6"
      },
      "peerDependencies": {
        "@deck.gl/core": "^8.0.0",
        "@loaders.gl/core": "^3.0.0",
        "@luma.gl/core": "^8.0.0"
      }
    },
    "node_modules/@loaders.gl/core": {
      "version": "3.2.6",
      "license": "MIT",
      "dependencies": {
        "@babel/runtime": "^7.3.1",
        "@loaders.gl/loader-utils": "3.2.6",
        "@loaders.gl/worker-utils": "3.2.6",
        "@probe.gl/log": "^3.5.0",
        "probe.gl": "^3.4.0"
      }
    },
    "node_modules/@loaders.gl/images": {
      "version": "3.2.6",
      "license": "MIT",
      "dependencies": {
        "@loaders.gl/loader-utils": "3.2.6"
      }
    },
    "node_modules/@loaders.gl/loader-utils": {
      "version": "3.2.6",
      "license": "MIT",
      "dependencies": {
        "@babel/runtime": "^7.3.1",
        "@loaders.gl/worker-utils": "3.2.6",
        "@probe.gl/stats": "^3.5.0"
      }
    },
    "node_modules/@loaders.gl/schema": {
      "version": "3.2.6",
      "license": "MIT",
      "dependencies": {
        "@types/geojson": "^7946.0.7",
        "apache-arrow": "^4.0.0"
      }
    },
    "node_modules/@loaders.gl/worker-utils": {
      "version": "3.2.6",
      "license": "MIT",
      "dependencies": {
        "@babel/runtime": "^7.3.1"
      }
    },
    "node_modules/@luma.gl/constants": {
      "version": "8.5.16",
      "license": "MIT"
    },
    "node_modules/@luma.gl/core": {
      "version": "8.5.16",
      "license": "MIT",
      "dependencies": {
        "@babel/runtime": "^7.0.0",
        "@luma.gl/constants": "8.5.16",
        "@luma.gl/engine": "8.5.16",
        "@luma.gl/gltools": "8.5.16",
        "@luma.gl/shadertools": "8.5.16",
        "@luma.gl/webgl": "8.5.16"
      }
    },
    "node_modules/@luma.gl/engine": {
      "version": "8.5.16",
      "license": "MIT",
      "dependencies": {
        "@babel/runtime": "^7.0.0",
        "@luma.gl/constants": "8.5.16",
        "@luma.gl/gltools": "8.5.16",
        "@luma.gl/shadertools": "8.5.16",
        "@luma.gl/webgl": "8.5.16",
        "@math.gl/core": "^3.5.0",
        "@probe.gl/env": "^3.5.0",
        "@probe.gl/stats": "^3.5.0",
        "@types/offscreencanvas": "^2019.7.0"
      }
    },
    "node_modules/@luma.gl/gltools": {
      "version": "8.5.16",
      "license": "MIT",
      "dependencies": {
        "@babel/runtime": "^7.0.0",
        "@luma.gl/constants": "8.5.16",
        "@probe.gl/env": "^3.5.0",
        "@probe.gl/log": "^3.5.0",
        "@types/offscreencanvas": "^2019.7.0"
      }
    },
    "node_modules/@luma.gl/shadertools": {
      "version": "8.5.16",
      "license": "MIT",
      "dependencies": {
        "@babel/runtime": "^7.0.0",
        "@math.gl/core": "^3.5.0"
      }
    },
    "node_modules/@luma.gl/webgl": {
      "version": "8.5.16",
      "license": "MIT",
      "dependencies": {
        "@babel/runtime": "^7.0.0",
        "@luma.gl/constants": "8.5.16",
        "@luma.gl/gltools": "8.5.16",
        "@probe.gl/env": "^3.5.0",
        "@probe.gl/stats": "^3.5.0"
      }
    },
    "node_modules/@mapbox/tiny-sdf": {
      "version": "1.2.5",
      "license": "BSD-2-Clause"
    },
    "node_modules/@math.gl/core": {
      "version": "3.6.3",
      "license": "MIT",
      "dependencies": {
        "@babel/runtime": "^7.12.0",
        "@math.gl/types": "3.6.3",
        "gl-matrix": "^3.4.0"
      }
    },
    "node_modules/@math.gl/polygon": {
      "version": "3.6.3",
      "license": "MIT",
      "dependencies": {
        "@math.gl/core": "3.6.3"
      }
    },
    "node_modules/@math.gl/sun": {
      "version": "3.6.3",
      "license": "MIT",
      "dependencies": {
        "@babel/runtime": "^7.12.0"
      }
    },
    "node_modules/@math.gl/types": {
      "version": "3.6.3",
      "license": "MIT"
    },
    "node_modules/@math.gl/web-mercator": {
      "version": "3.6.3",
      "license": "MIT",
      "dependencies": {
        "@babel/runtime": "^7.12.0",
        "gl-matrix": "^3.4.0"
      }
    },
    "node_modules/@probe.gl/env": {
      "version": "3.5.0",
      "license": "MIT",
      "dependencies": {
        "@babel/runtime": "^7.0.0"
      }
    },
    "node_modules/@probe.gl/log": {
      "version": "3.5.0",
      "license": "MIT",
      "dependencies": {
        "@babel/runtime": "^7.0.0",
        "@probe.gl/env": "3.5.0"
      }
    },
    "node_modules/@probe.gl/stats": {
      "version": "3.5.0",
      "license": "MIT",
      "dependencies": {
        "@babel/runtime": "^7.0.0"
      }
    },
    "node_modules/@types/flatbuffers": {
      "version": "1.10.0",
      "license": "MIT"
    },
    "node_modules/@types/geojson": {
      "version": "7946.0.10",
      "license": "MIT"
    },
    "node_modules/@types/hammerjs": {
      "version": "2.0.41",
      "license": "MIT"
    },
    "node_modules/@types/node": {
      "version": "14.18.23",
      "license": "MIT"
    },
    "node_modules/@types/offscreencanvas": {
      "version": "2019.7.0",
      "license": "MIT"
    },
    "node_modules/@types/openseadragon": {
      "version": "3.0.3",
      "resolved": "https://registry.npmjs.org/@types/openseadragon/-/openseadragon-3.0.3.tgz",
      "integrity": "sha512-qh9LilysFrZvM407R9K4Von10hZWD9JjLq6nmHEPz5GCqCjVXueoQGZUTfFv2K3Fzi7DPLFNxkx3AgJYli2OpA==",
      "dev": true
    },
    "node_modules/@types/text-encoding-utf-8": {
      "version": "1.0.2",
      "license": "MIT"
    },
    "node_modules/ansi-styles": {
      "version": "3.2.1",
      "license": "MIT",
      "dependencies": {
        "color-convert": "^1.9.0"
      },
      "engines": {
        "node": ">=4"
      }
    },
    "node_modules/apache-arrow": {
      "version": "4.0.1",
      "license": "Apache-2.0",
      "dependencies": {
        "@types/flatbuffers": "^1.10.0",
        "@types/node": "^14.14.37",
        "@types/text-encoding-utf-8": "^1.0.1",
        "command-line-args": "5.1.1",
        "command-line-usage": "6.1.1",
        "flatbuffers": "1.12.0",
        "json-bignum": "^0.0.3",
        "pad-left": "^2.1.0",
        "text-encoding-utf-8": "^1.0.2",
        "tslib": "^2.2.0"
      },
      "bin": {
        "arrow2csv": "bin/arrow2csv.js"
      }
    },
    "node_modules/array-back": {
      "version": "3.1.0",
      "license": "MIT",
      "engines": {
        "node": ">=6"
      }
    },
    "node_modules/chalk": {
      "version": "2.4.2",
      "license": "MIT",
      "dependencies": {
        "ansi-styles": "^3.2.1",
        "escape-string-regexp": "^1.0.5",
        "supports-color": "^5.3.0"
      },
      "engines": {
        "node": ">=4"
      }
    },
    "node_modules/color-convert": {
      "version": "1.9.3",
      "license": "MIT",
      "dependencies": {
        "color-name": "1.1.3"
      }
    },
    "node_modules/color-name": {
      "version": "1.1.3",
      "license": "MIT"
    },
    "node_modules/command-line-args": {
      "version": "5.1.1",
      "license": "MIT",
      "dependencies": {
        "array-back": "^3.0.1",
        "find-replace": "^3.0.0",
        "lodash.camelcase": "^4.3.0",
        "typical": "^4.0.0"
      },
      "engines": {
        "node": ">=4.0.0"
      }
    },
    "node_modules/command-line-usage": {
      "version": "6.1.1",
      "license": "MIT",
      "dependencies": {
        "array-back": "^4.0.1",
        "chalk": "^2.4.2",
        "table-layout": "^1.0.1",
        "typical": "^5.2.0"
      },
      "engines": {
        "node": ">=8.0.0"
      }
    },
    "node_modules/command-line-usage/node_modules/array-back": {
      "version": "4.0.2",
      "license": "MIT",
      "engines": {
        "node": ">=8"
      }
    },
    "node_modules/command-line-usage/node_modules/typical": {
      "version": "5.2.0",
      "license": "MIT",
      "engines": {
        "node": ">=8"
      }
    },
    "node_modules/deep-extend": {
      "version": "0.6.0",
      "license": "MIT",
      "engines": {
        "node": ">=4.0.0"
      }
    },
    "node_modules/earcut": {
      "version": "2.2.4",
      "license": "ISC"
    },
    "node_modules/escape-string-regexp": {
      "version": "1.0.5",
      "license": "MIT",
      "engines": {
        "node": ">=0.8.0"
      }
    },
    "node_modules/find-replace": {
      "version": "3.0.0",
      "license": "MIT",
      "dependencies": {
        "array-back": "^3.0.1"
      },
      "engines": {
        "node": ">=4.0.0"
      }
    },
    "node_modules/flatbuffers": {
      "version": "1.12.0",
      "license": "SEE LICENSE IN LICENSE.txt"
    },
    "node_modules/gl-matrix": {
      "version": "3.4.3",
      "license": "MIT"
    },
    "node_modules/hammerjs": {
      "version": "2.0.8",
      "license": "MIT",
      "engines": {
        "node": ">=0.8.0"
      }
    },
    "node_modules/has-flag": {
      "version": "3.0.0",
      "license": "MIT",
      "engines": {
        "node": ">=4"
      }
    },
    "node_modules/json-bignum": {
      "version": "0.0.3",
      "engines": {
        "node": ">=0.8"
      }
    },
    "node_modules/lodash.camelcase": {
      "version": "4.3.0",
      "license": "MIT"
    },
    "node_modules/math.gl": {
      "version": "3.6.3",
      "license": "MIT",
      "dependencies": {
        "@math.gl/core": "3.6.3"
      }
    },
    "node_modules/mjolnir.js": {
      "version": "2.7.1",
      "license": "MIT",
      "dependencies": {
        "@types/hammerjs": "^2.0.41",
        "hammerjs": "^2.0.8"
      },
      "engines": {
        "node": ">= 4",
        "npm": ">= 3"
      }
    },
    "node_modules/openseadragon": {
      "version": "3.1.0",
      "license": "BSD-3-Clause",
      "funding": {
        "url": "https://opencollective.com/openseadragon"
      }
    },
    "node_modules/pad-left": {
      "version": "2.1.0",
      "license": "MIT",
      "dependencies": {
        "repeat-string": "^1.5.4"
      },
      "engines": {
        "node": ">=0.10.0"
      }
    },
    "node_modules/probe.gl": {
      "version": "3.5.0",
      "license": "MIT",
      "dependencies": {
        "@babel/runtime": "^7.0.0",
        "@probe.gl/env": "3.5.0",
        "@probe.gl/log": "3.5.0",
        "@probe.gl/stats": "3.5.0"
      }
    },
    "node_modules/reduce-flatten": {
      "version": "2.0.0",
      "license": "MIT",
      "engines": {
        "node": ">=6"
      }
    },
    "node_modules/regenerator-runtime": {
      "version": "0.13.9",
      "license": "MIT"
    },
    "node_modules/repeat-string": {
      "version": "1.6.1",
      "license": "MIT",
      "engines": {
        "node": ">=0.10"
      }
    },
    "node_modules/supports-color": {
      "version": "5.5.0",
      "license": "MIT",
      "dependencies": {
        "has-flag": "^3.0.0"
      },
      "engines": {
        "node": ">=4"
      }
    },
    "node_modules/table-layout": {
      "version": "1.0.2",
      "license": "MIT",
      "dependencies": {
        "array-back": "^4.0.1",
        "deep-extend": "~0.6.0",
        "typical": "^5.2.0",
        "wordwrapjs": "^4.0.0"
      },
      "engines": {
        "node": ">=8.0.0"
      }
    },
    "node_modules/table-layout/node_modules/array-back": {
      "version": "4.0.2",
      "license": "MIT",
      "engines": {
        "node": ">=8"
      }
    },
    "node_modules/table-layout/node_modules/typical": {
      "version": "5.2.0",
      "license": "MIT",
      "engines": {
        "node": ">=8"
      }
    },
    "node_modules/text-encoding-utf-8": {
      "version": "1.0.2"
    },
    "node_modules/tslib": {
      "version": "2.4.0",
      "license": "0BSD"
    },
    "node_modules/typical": {
      "version": "4.0.0",
      "license": "MIT",
      "engines": {
        "node": ">=8"
      }
    },
    "node_modules/wordwrapjs": {
      "version": "4.0.1",
      "license": "MIT",
      "dependencies": {
        "reduce-flatten": "^2.0.0",
        "typical": "^5.2.0"
      },
      "engines": {
        "node": ">=8.0.0"
      }
    },
    "node_modules/wordwrapjs/node_modules/typical": {
      "version": "5.2.0",
      "license": "MIT",
      "engines": {
        "node": ">=8"
      }
    }
  },
  "dependencies": {
    "@babel/runtime": {
      "version": "7.18.9",
      "requires": {
        "regenerator-runtime": "^0.13.4"
      }
    },
    "@deck.gl/core": {
      "version": "8.8.6",
      "requires": {
        "@loaders.gl/core": "^3.2.5",
        "@loaders.gl/images": "^3.2.5",
        "@luma.gl/constants": "^8.5.16",
        "@luma.gl/core": "^8.5.16",
        "@math.gl/core": "^3.6.2",
        "@math.gl/sun": "^3.6.2",
        "@math.gl/web-mercator": "^3.6.2",
        "@probe.gl/env": "^3.5.0",
        "@probe.gl/log": "^3.5.0",
        "@probe.gl/stats": "^3.5.0",
        "gl-matrix": "^3.0.0",
        "math.gl": "^3.6.2",
        "mjolnir.js": "^2.7.0"
      }
    },
    "@deck.gl/layers": {
      "version": "8.8.6",
      "requires": {
        "@loaders.gl/images": "^3.2.5",
        "@loaders.gl/schema": "^3.2.5",
        "@luma.gl/constants": "^8.5.16",
        "@mapbox/tiny-sdf": "^1.1.0",
        "@math.gl/core": "^3.6.2",
        "@math.gl/polygon": "^3.6.2",
        "@math.gl/web-mercator": "^3.6.2",
        "earcut": "^2.0.6"
      }
    },
    "@loaders.gl/core": {
      "version": "3.2.6",
      "requires": {
        "@babel/runtime": "^7.3.1",
        "@loaders.gl/loader-utils": "3.2.6",
        "@loaders.gl/worker-utils": "3.2.6",
        "@probe.gl/log": "^3.5.0",
        "probe.gl": "^3.4.0"
      }
    },
    "@loaders.gl/images": {
      "version": "3.2.6",
      "requires": {
        "@loaders.gl/loader-utils": "3.2.6"
      }
    },
    "@loaders.gl/loader-utils": {
      "version": "3.2.6",
      "requires": {
        "@babel/runtime": "^7.3.1",
        "@loaders.gl/worker-utils": "3.2.6",
        "@probe.gl/stats": "^3.5.0"
      }
    },
    "@loaders.gl/schema": {
      "version": "3.2.6",
      "requires": {
        "@types/geojson": "^7946.0.7",
        "apache-arrow": "^4.0.0"
      }
    },
    "@loaders.gl/worker-utils": {
      "version": "3.2.6",
      "requires": {
        "@babel/runtime": "^7.3.1"
      }
    },
    "@luma.gl/constants": {
      "version": "8.5.16"
    },
    "@luma.gl/core": {
      "version": "8.5.16",
      "requires": {
        "@babel/runtime": "^7.0.0",
        "@luma.gl/constants": "8.5.16",
        "@luma.gl/engine": "8.5.16",
        "@luma.gl/gltools": "8.5.16",
        "@luma.gl/shadertools": "8.5.16",
        "@luma.gl/webgl": "8.5.16"
      }
    },
    "@luma.gl/engine": {
      "version": "8.5.16",
      "requires": {
        "@babel/runtime": "^7.0.0",
        "@luma.gl/constants": "8.5.16",
        "@luma.gl/gltools": "8.5.16",
        "@luma.gl/shadertools": "8.5.16",
        "@luma.gl/webgl": "8.5.16",
        "@math.gl/core": "^3.5.0",
        "@probe.gl/env": "^3.5.0",
        "@probe.gl/stats": "^3.5.0",
        "@types/offscreencanvas": "^2019.7.0"
      }
    },
    "@luma.gl/gltools": {
      "version": "8.5.16",
      "requires": {
        "@babel/runtime": "^7.0.0",
        "@luma.gl/constants": "8.5.16",
        "@probe.gl/env": "^3.5.0",
        "@probe.gl/log": "^3.5.0",
        "@types/offscreencanvas": "^2019.7.0"
      }
    },
    "@luma.gl/shadertools": {
      "version": "8.5.16",
      "requires": {
        "@babel/runtime": "^7.0.0",
        "@math.gl/core": "^3.5.0"
      }
    },
    "@luma.gl/webgl": {
      "version": "8.5.16",
      "requires": {
        "@babel/runtime": "^7.0.0",
        "@luma.gl/constants": "8.5.16",
        "@luma.gl/gltools": "8.5.16",
        "@probe.gl/env": "^3.5.0",
        "@probe.gl/stats": "^3.5.0"
      }
    },
    "@mapbox/tiny-sdf": {
      "version": "1.2.5"
    },
    "@math.gl/core": {
      "version": "3.6.3",
      "requires": {
        "@babel/runtime": "^7.12.0",
        "@math.gl/types": "3.6.3",
        "gl-matrix": "^3.4.0"
      }
    },
    "@math.gl/polygon": {
      "version": "3.6.3",
      "requires": {
        "@math.gl/core": "3.6.3"
      }
    },
    "@math.gl/sun": {
      "version": "3.6.3",
      "requires": {
        "@babel/runtime": "^7.12.0"
      }
    },
    "@math.gl/types": {
      "version": "3.6.3"
    },
    "@math.gl/web-mercator": {
      "version": "3.6.3",
      "requires": {
        "@babel/runtime": "^7.12.0",
        "gl-matrix": "^3.4.0"
      }
    },
    "@probe.gl/env": {
      "version": "3.5.0",
      "requires": {
        "@babel/runtime": "^7.0.0"
      }
    },
    "@probe.gl/log": {
      "version": "3.5.0",
      "requires": {
        "@babel/runtime": "^7.0.0",
        "@probe.gl/env": "3.5.0"
      }
    },
    "@probe.gl/stats": {
      "version": "3.5.0",
      "requires": {
        "@babel/runtime": "^7.0.0"
      }
    },
    "@types/flatbuffers": {
      "version": "1.10.0"
    },
    "@types/geojson": {
      "version": "7946.0.10"
    },
    "@types/hammerjs": {
      "version": "2.0.41"
    },
    "@types/node": {
      "version": "14.18.23"
    },
    "@types/offscreencanvas": {
      "version": "2019.7.0"
    },
    "@types/openseadragon": {
      "version": "3.0.3",
      "resolved": "https://registry.npmjs.org/@types/openseadragon/-/openseadragon-3.0.3.tgz",
      "integrity": "sha512-qh9LilysFrZvM407R9K4Von10hZWD9JjLq6nmHEPz5GCqCjVXueoQGZUTfFv2K3Fzi7DPLFNxkx3AgJYli2OpA==",
      "dev": true
    },
    "@types/text-encoding-utf-8": {
      "version": "1.0.2"
    },
    "ansi-styles": {
      "version": "3.2.1",
      "requires": {
        "color-convert": "^1.9.0"
      }
    },
    "apache-arrow": {
      "version": "4.0.1",
      "requires": {
        "@types/flatbuffers": "^1.10.0",
        "@types/node": "^14.14.37",
        "@types/text-encoding-utf-8": "^1.0.1",
        "command-line-args": "5.1.1",
        "command-line-usage": "6.1.1",
        "flatbuffers": "1.12.0",
        "json-bignum": "^0.0.3",
        "pad-left": "^2.1.0",
        "text-encoding-utf-8": "^1.0.2",
        "tslib": "^2.2.0"
      }
    },
    "array-back": {
      "version": "3.1.0"
    },
    "chalk": {
      "version": "2.4.2",
      "requires": {
        "ansi-styles": "^3.2.1",
        "escape-string-regexp": "^1.0.5",
        "supports-color": "^5.3.0"
      }
    },
    "color-convert": {
      "version": "1.9.3",
      "requires": {
        "color-name": "1.1.3"
      }
    },
    "color-name": {
      "version": "1.1.3"
    },
    "command-line-args": {
      "version": "5.1.1",
      "requires": {
        "array-back": "^3.0.1",
        "find-replace": "^3.0.0",
        "lodash.camelcase": "^4.3.0",
        "typical": "^4.0.0"
      }
    },
    "command-line-usage": {
      "version": "6.1.1",
      "requires": {
        "array-back": "^4.0.1",
        "chalk": "^2.4.2",
        "table-layout": "^1.0.1",
        "typical": "^5.2.0"
      },
      "dependencies": {
        "array-back": {
          "version": "4.0.2"
        },
        "typical": {
          "version": "5.2.0"
        }
      }
    },
    "deep-extend": {
      "version": "0.6.0"
    },
    "earcut": {
      "version": "2.2.4"
    },
    "escape-string-regexp": {
      "version": "1.0.5"
    },
    "find-replace": {
      "version": "3.0.0",
      "requires": {
        "array-back": "^3.0.1"
      }
    },
    "flatbuffers": {
      "version": "1.12.0"
    },
    "gl-matrix": {
      "version": "3.4.3"
    },
    "hammerjs": {
      "version": "2.0.8"
    },
    "has-flag": {
      "version": "3.0.0"
    },
    "json-bignum": {
      "version": "0.0.3"
    },
    "lodash.camelcase": {
      "version": "4.3.0"
    },
    "math.gl": {
      "version": "3.6.3",
      "requires": {
        "@math.gl/core": "3.6.3"
      }
    },
    "mjolnir.js": {
      "version": "2.7.1",
      "requires": {
        "@types/hammerjs": "^2.0.41",
        "hammerjs": "^2.0.8"
      }
    },
    "openseadragon": {
      "version": "3.1.0"
    },
    "pad-left": {
      "version": "2.1.0",
      "requires": {
        "repeat-string": "^1.5.4"
      }
    },
    "probe.gl": {
      "version": "3.5.0",
      "requires": {
        "@babel/runtime": "^7.0.0",
        "@probe.gl/env": "3.5.0",
        "@probe.gl/log": "3.5.0",
        "@probe.gl/stats": "3.5.0"
      }
    },
    "reduce-flatten": {
      "version": "2.0.0"
    },
    "regenerator-runtime": {
      "version": "0.13.9"
    },
    "repeat-string": {
      "version": "1.6.1"
    },
    "supports-color": {
      "version": "5.5.0",
      "requires": {
        "has-flag": "^3.0.0"
      }
    },
    "table-layout": {
      "version": "1.0.2",
      "requires": {
        "array-back": "^4.0.1",
        "deep-extend": "~0.6.0",
        "typical": "^5.2.0",
        "wordwrapjs": "^4.0.0"
      },
      "dependencies": {
        "array-back": {
          "version": "4.0.2"
        },
        "typical": {
          "version": "5.2.0"
        }
      }
    },
    "text-encoding-utf-8": {
      "version": "1.0.2"
    },
    "tslib": {
      "version": "2.4.0"
    },
    "typical": {
      "version": "4.0.0"
    },
    "wordwrapjs": {
      "version": "4.0.1",
      "requires": {
        "reduce-flatten": "^2.0.0",
        "typical": "^5.2.0"
      },
      "dependencies": {
        "typical": {
          "version": "5.2.0"
        }
      }
    }
  }
}
